
Microsoft Visual Studio Solution File, Format Version 12.00
# Visual Studio 15
VisualStudioVersion = 15.0.28307.960
MinimumVisualStudioVersion = 10.0.40219.1
Project("{FAE04EC0-301F-11D3-BF4B-00C04F79EFBC}") = "ExportApp", "ExportApp.csproj", "{6DDD11A4-4BFE-4423-85A5-320AD26163E3}"
	ProjectSection(ProjectDependencies) = postProject
		{88D79D91-9050-456B-94B4-2FDA961FF5BB} = {88D79D91-9050-456B-94B4-2FDA961FF5BB}
	EndProjectSection
EndProject
Project("{FAE04EC0-301F-11D3-BF4B-00C04F79EFBC}") = "D.Forms", "D.Forms\D.Forms.csproj", "{5065D447-7EF0-440D-BBAA-E2C96ECFFF0B}"
EndProject
Project("{FAE04EC0-301F-11D3-BF4B-00C04F79EFBC}") = "UpdateApp", "UpdateApp\UpdateApp.csproj", "{88D79D91-9050-456B-94B4-2FDA961FF5BB}"
EndProject
Global
	GlobalSection(SolutionConfigurationPlatforms) = preSolution
		Debug|Any CPU = Debug|Any CPU
		Release|Any CPU = Release|Any CPU
	EndGlobalSection
	GlobalSection(ProjectConfigurationPlatforms) = postSolution
		{6DDD11A4-4BFE-4423-85A5-320AD26163E3}.Debug|Any CPU.ActiveCfg = Debug|Any CPU
		{6DDD11A4-4BFE-4423-85A5-320AD26163E3}.Debug|Any CPU.Build.0 = Debug|Any CPU
		{6DDD11A4-4BFE-4423-85A5-320AD26163E3}.Release|Any CPU.ActiveCfg = Release|Any CPU
		{6DDD11A4-4BFE-4423-85A5-320AD26163E3}.Release|Any CPU.Build.0 = Release|Any CPU
		{5065D447-7EF0-440D-BBAA-E2C96ECFFF0B}.Debug|Any CPU.ActiveCfg = Debug|Any CPU
		{5065D447-7EF0-440D-BBAA-E2C96ECFFF0B}.Debug|Any CPU.Build.0 = Debug|Any CPU
		{5065D447-7EF0-440D-BBAA-E2C96ECFFF0B}.Release|Any CPU.ActiveCfg = Release|Any CPU
		{5065D447-7EF0-440D-BBAA-E2C96ECFFF0B}.Release|Any CPU.Build.0 = Release|Any CPU
		{88D79D91-9050-456B-94B4-2FDA961FF5BB}.Debug|Any CPU.ActiveCfg = Debug|Any CPU
		{88D79D91-9050-456B-94B4-2FDA961FF5BB}.Debug|Any CPU.Build.0 = Debug|Any CPU
		{88D79D91-9050-456B-94B4-2FDA961FF5BB}.Release|Any CPU.ActiveCfg = Release|Any CPU
		{88D79D91-9050-456B-94B4-2FDA961FF5BB}.Release|Any CPU.Build.0 = Release|Any CPU
	EndGlobalSection
	GlobalSection(SolutionProperties) = preSolution
		HideSolutionNode = FALSE
	EndGlobalSection
	GlobalSection(ExtensibilityGlobals) = postSolution
		SolutionGuid = {A53057F0-3EF9-4D11-89A3-D85D786C747C}
	EndGlobalSection
EndGlobal
